
Microsoft Visual Studio Solution File, Format Version 12.00
# Visual Studio Version 17
VisualStudioVersion = 17.2.32516.85
MinimumVisualStudioVersion = 10.0.40219.1
Project("{FAE04EC0-301F-11D3-BF4B-00C04F79EFBC}") = "WorkshopWebAPI.API", "WorkshopWebAPI.API\WorkshopWebAPI.API.csproj", "{464A203A-D829-47D0-B616-1E9277EDFDAC}"
EndProject
Global
	GlobalSection(SolutionConfigurationPlatforms) = preSolution
		Debug|Any CPU = Debug|Any CPU
		Release|Any CPU = Release|Any CPU
	EndGlobalSection
	GlobalSection(ProjectConfigurationPlatforms) = postSolution
		{464A203A-D829-47D0-B616-1E9277EDFDAC}.Debug|Any CPU.ActiveCfg = Debug|Any CPU
		{464A203A-D829-47D0-B616-1E9277EDFDAC}.Debug|Any CPU.Build.0 = Debug|Any CPU
		{464A203A-D829-47D0-B616-1E9277EDFDAC}.Release|Any CPU.ActiveCfg = Release|Any CPU
		{464A203A-D829-47D0-B616-1E9277EDFDAC}.Release|Any CPU.Build.0 = Release|Any CPU
	EndGlobalSection
	GlobalSection(SolutionProperties) = preSolution
		HideSolutionNode = FALSE
	EndGlobalSection
	GlobalSection(ExtensibilityGlobals) = postSolution
		SolutionGuid = {2A976EEF-42A3-49E2-9FC7-5B1DA9A497E6}
	EndGlobalSection
EndGlobal
